
Microsoft Visual Studio Solution File, Format Version 12.00
# Visual Studio Version 17
VisualStudioVersion = 17.14.36401.2 d17.14
MinimumVisualStudioVersion = 10.0.40219.1
Project("{FAE04EC0-301F-11D3-BF4B-00C04F79EFBC}") = "BrightLimiter", "BrightLimiter.csproj", "{DF3920AE-A7F3-4B36-91E8-F3DE4D64AF83}"
EndProject
Global
	GlobalSection(SolutionConfigurationPlatforms) = preSolution
		Debug|Any CPU = Debug|Any CPU
		Release|Any CPU = Release|Any CPU
	EndGlobalSection
	GlobalSection(ProjectConfigurationPlatforms) = postSolution
		{DF3920AE-A7F3-4B36-91E8-F3DE4D64AF83}.Debug|Any CPU.ActiveCfg = Debug|Any CPU
		{DF3920AE-A7F3-4B36-91E8-F3DE4D64AF83}.Debug|Any CPU.Build.0 = Debug|Any CPU
		{DF3920AE-A7F3-4B36-91E8-F3DE4D64AF83}.Release|Any CPU.ActiveCfg = Release|Any CPU
		{DF3920AE-A7F3-4B36-91E8-F3DE4D64AF83}.Release|Any CPU.Build.0 = Release|Any CPU
	EndGlobalSection
	GlobalSection(SolutionProperties) = preSolution
		HideSolutionNode = FALSE
	EndGlobalSection
	GlobalSection(ExtensibilityGlobals) = postSolution
		SolutionGuid = {31E29A76-5510-4116-88E3-71A5BB18CE5F}
	EndGlobalSection
EndGlobal
